{
  "nodes": {
    "nixpkgs": {
      "locked": {
        "lastModified": 1786862985,
        "narHash": "sha256-FBJRXmbGXiSUDvYEbfLYRkckayyZ6SK1UEqhCrIZ2Cs=",
        "owner": "nixos",
        "repo": "nixpkgs",
        "rev": "e5bdc4a41d4c072fe1e3787eaa0320a384741d44",
        "type": "github"
      },
      "original": {
        "owner": "nixos",
        "ref": "nixos-unstable",
        "repo": "nixpkgs",
        "type": "github"
      }
    },
    "nixpkgs-2605": {
      "locked": {
        "lastModified": 1785858998,
        "narHash": "sha256-fKCq5jphd6l/Ms6gc3dptkw/TcKLYub9lQE5g6rbbkc=",
        "owner": "nixos",
        "repo": "nixpkgs",
        "rev": "04607e1165ac22c5fde6dcc54c9e0b3c0487c555",
        "type": "github"
      },
      "original": {
        "owner": "nixos",
        "ref": "04607e1165ac22c5fde6dcc54c9e0b3c0487c555",
        "repo": "nixpkgs",
        "type": "github"
      }
    },
    "nixpkgs-rustdesk": {
      "locked": {
        "lastModified": 1786384358,
        "narHash": "sha256-RzPPiWeUtuvymnpuEWsdtzli5w4kjZs49FqEs3/1u+I=",
        "owner": "nixos",
        "repo": "nixpkgs",
        "rev": "2fcb964de67fcf60b43471c55d5d99e61a9ccb5a",
        "type": "github"
      },
      "original": {
        "owner": "nixos",
        "ref": "2fcb964de67fcf60b43471c55d5d99e61a9ccb5a",
        "repo": "nixpkgs",
        "type": "github"
      }
    },
    "root": {
      "inputs": {
        "nixpkgs": "nixpkgs",
        "nixpkgs-2605": "nixpkgs-2605",
        "nixpkgs-rustdesk": "nixpkgs-rustdesk"
      }
    }
  },
  "root": "root",
  "version": 7
}
